{
  "meteor": {},
  "dependencies": {
    "basePackages": {
      "momentjs": {},
      "accounts-ui-bootstrap-dropdown": {}
    },
    "packages": {
      "momentjs": {
        "git": "https://github.com/crapthings/meteor-momentjs.git",
        "tag": "v2.1.0",
        "commit": "f421f51c2cb40093374a83adb932937da2f991d3"
      },
      "accounts-ui-bootstrap-dropdown": {
        "git": "https://github.com/erobit/meteor-accounts-ui-bootstrap-dropdown.git",
        "tag": "v0.1.5",
        "commit": "e12b128f140caa2797720cbd5fae084de7810c6a"
      }
    }
  }
}
